
Microsoft Visual Studio Solution File, Format Version 12.00
# Visual Studio 15
VisualStudioVersion = 15.0.27428.2015
MinimumVisualStudioVersion = 10.0.40219.1
Project("{9A19103F-16F7-4668-BE54-9A1E7A4F7556}") = "ImageProcessingLib", "ImageProcessingLib\ImageProcessingLib.csproj", "{61D55DCB-5CAE-430A-B933-DA56BBAB35FA}"
EndProject
Project("{FAE04EC0-301F-11D3-BF4B-00C04F79EFBC}") = "ImageProcessingLib.Old", "ImageProcessingLib.Old\ImageProcessingLib.Old.csproj", "{2889B6F7-29DB-4574-B7AB-7130BF73E68C}"
EndProject
Project("{FAE04EC0-301F-11D3-BF4B-00C04F79EFBC}") = "ImageProcessingLib.Tests", "ImageProcessingLib.Tests\ImageProcessingLib.Tests.csproj", "{A3C253BE-B4C4-457E-9B0C-1C40E79C1FF3}"
EndProject
Project("{FAE04EC0-301F-11D3-BF4B-00C04F79EFBC}") = "ImagesFolder", "ImagesFolder\ImagesFolder.csproj", "{3B4B5C35-BAC6-4166-885C-C9788A3DF32C}"
EndProject
Project("{FAE04EC0-301F-11D3-BF4B-00C04F79EFBC}") = "Benchmarking", "Apps\Benchmarking\Benchmarking.csproj", "{E89D97B1-CED4-4F10-B98C-91A975C988B7}"
EndProject
Project("{2150E333-8FDC-42A3-9474-1A3956D46DE8}") = "Apps", "Apps", "{ED14173D-1898-45F3-9864-8939F367956C}"
EndProject
Project("{FAE04EC0-301F-11D3-BF4B-00C04F79EFBC}") = "Commons", "Apps\Commons\Commons.csproj", "{2C3B756D-1F6E-4907-A48F-2211CF602010}"
EndProject
Project("{FAE04EC0-301F-11D3-BF4B-00C04F79EFBC}") = "ImageProcessingLibExamples", "Apps\ImageProcessingLibExamples\ImageProcessingLibExamples.csproj", "{08C847A4-C890-46FD-BDD8-C2D4803091A8}"
EndProject
Project("{FAE04EC0-301F-11D3-BF4B-00C04F79EFBC}") = "FIP", "FIP\FIP.csproj", "{AF1D3A2D-4CFC-42B6-BDA8-11A0AF7E159C}"
EndProject
Project("{FAE04EC0-301F-11D3-BF4B-00C04F79EFBC}") = "ImageProcessingLibToFIPComparison", "Apps\ImageProcessingLibToFIPComparison\ImageProcessingLibToFIPComparison.csproj", "{BFB68B3E-B6A9-4E0D-9F51-DB87BD32B36A}"
EndProject
Project("{2150E333-8FDC-42A3-9474-1A3956D46DE8}") = "SolutionItems", "SolutionItems", "{7D9CE5D5-3142-4EBB-BAF6-98D7A053943B}"
	ProjectSection(SolutionItems) = preProject
		SolutionItems\jt_icon.ico = SolutionItems\jt_icon.ico
		SolutionItems\Notes.txt = SolutionItems\Notes.txt
		SolutionItems\TODO.txt = SolutionItems\TODO.txt
	EndProjectSection
EndProject
Project("{FAE04EC0-301F-11D3-BF4B-00C04F79EFBC}") = "TestApp.WF", "Apps\TestApp.WF\TestApp.WF.csproj", "{2FA40AF2-BEE9-4915-879D-BF145CCE6009}"
EndProject
Project("{FAE04EC0-301F-11D3-BF4B-00C04F79EFBC}") = "TestApp.WPF", "Apps\TestApp.WPF\TestApp.WPF.csproj", "{85E497B7-0737-48E4-98E8-A6915035526A}"
EndProject
Project("{2150E333-8FDC-42A3-9474-1A3956D46DE8}") = "Converters", "Converters", "{7A3C9DDA-9D2F-4435-91EF-F4D0FB47B855}"
EndProject
Project("{FAE04EC0-301F-11D3-BF4B-00C04F79EFBC}") = "ImageProcessingLib.Converter.WF.WPF", "Converters\ImageProcessingLib.Converter.WF.WPF\ImageProcessingLib.Converter.WF.WPF.csproj", "{0B917BAC-AF9F-4000-942E-D118B97F843B}"
EndProject
Project("{FAE04EC0-301F-11D3-BF4B-00C04F79EFBC}") = "ImageProcessingLib.Converter.WF", "Converters\ImageProcessingLib.Converter.WF\ImageProcessingLib.Converter.WF.csproj", "{17949CA7-D61C-41C7-93FC-AEB597945FA8}"
EndProject
Project("{FAE04EC0-301F-11D3-BF4B-00C04F79EFBC}") = "ImageProcessingLib.Converter.WPF", "Converters\ImageProcessingLib.Converter.WPF\ImageProcessingLib.Converter.WPF.csproj", "{7B2F6D1A-6898-466D-BA8A-986030E7D6D5}"
EndProject
Global
	GlobalSection(SolutionConfigurationPlatforms) = preSolution
		Debug|Any CPU = Debug|Any CPU
		Release|Any CPU = Release|Any CPU
	EndGlobalSection
	GlobalSection(ProjectConfigurationPlatforms) = postSolution
		{61D55DCB-5CAE-430A-B933-DA56BBAB35FA}.Debug|Any CPU.ActiveCfg = Debug|Any CPU
		{61D55DCB-5CAE-430A-B933-DA56BBAB35FA}.Debug|Any CPU.Build.0 = Debug|Any CPU
		{61D55DCB-5CAE-430A-B933-DA56BBAB35FA}.Release|Any CPU.ActiveCfg = Release|Any CPU
		{61D55DCB-5CAE-430A-B933-DA56BBAB35FA}.Release|Any CPU.Build.0 = Release|Any CPU
		{2889B6F7-29DB-4574-B7AB-7130BF73E68C}.Debug|Any CPU.ActiveCfg = Debug|Any CPU
		{2889B6F7-29DB-4574-B7AB-7130BF73E68C}.Debug|Any CPU.Build.0 = Debug|Any CPU
		{2889B6F7-29DB-4574-B7AB-7130BF73E68C}.Release|Any CPU.ActiveCfg = Release|Any CPU
		{2889B6F7-29DB-4574-B7AB-7130BF73E68C}.Release|Any CPU.Build.0 = Release|Any CPU
		{A3C253BE-B4C4-457E-9B0C-1C40E79C1FF3}.Debug|Any CPU.ActiveCfg = Debug|Any CPU
		{A3C253BE-B4C4-457E-9B0C-1C40E79C1FF3}.Debug|Any CPU.Build.0 = Debug|Any CPU
		{A3C253BE-B4C4-457E-9B0C-1C40E79C1FF3}.Release|Any CPU.ActiveCfg = Release|Any CPU
		{A3C253BE-B4C4-457E-9B0C-1C40E79C1FF3}.Release|Any CPU.Build.0 = Release|Any CPU
		{3B4B5C35-BAC6-4166-885C-C9788A3DF32C}.Debug|Any CPU.ActiveCfg = Debug|Any CPU
		{3B4B5C35-BAC6-4166-885C-C9788A3DF32C}.Debug|Any CPU.Build.0 = Debug|Any CPU
		{3B4B5C35-BAC6-4166-885C-C9788A3DF32C}.Release|Any CPU.ActiveCfg = Release|Any CPU
		{3B4B5C35-BAC6-4166-885C-C9788A3DF32C}.Release|Any CPU.Build.0 = Release|Any CPU
		{E89D97B1-CED4-4F10-B98C-91A975C988B7}.Debug|Any CPU.ActiveCfg = Debug|Any CPU
		{E89D97B1-CED4-4F10-B98C-91A975C988B7}.Debug|Any CPU.Build.0 = Debug|Any CPU
		{E89D97B1-CED4-4F10-B98C-91A975C988B7}.Release|Any CPU.ActiveCfg = Release|Any CPU
		{E89D97B1-CED4-4F10-B98C-91A975C988B7}.Release|Any CPU.Build.0 = Release|Any CPU
		{2C3B756D-1F6E-4907-A48F-2211CF602010}.Debug|Any CPU.ActiveCfg = Debug|Any CPU
		{2C3B756D-1F6E-4907-A48F-2211CF602010}.Debug|Any CPU.Build.0 = Debug|Any CPU
		{2C3B756D-1F6E-4907-A48F-2211CF602010}.Release|Any CPU.ActiveCfg = Release|Any CPU
		{2C3B756D-1F6E-4907-A48F-2211CF602010}.Release|Any CPU.Build.0 = Release|Any CPU
		{08C847A4-C890-46FD-BDD8-C2D4803091A8}.Debug|Any CPU.ActiveCfg = Debug|Any CPU
		{08C847A4-C890-46FD-BDD8-C2D4803091A8}.Debug|Any CPU.Build.0 = Debug|Any CPU
		{08C847A4-C890-46FD-BDD8-C2D4803091A8}.Release|Any CPU.ActiveCfg = Release|Any CPU
		{08C847A4-C890-46FD-BDD8-C2D4803091A8}.Release|Any CPU.Build.0 = Release|Any CPU
		{AF1D3A2D-4CFC-42B6-BDA8-11A0AF7E159C}.Debug|Any CPU.ActiveCfg = Debug|Any CPU
		{AF1D3A2D-4CFC-42B6-BDA8-11A0AF7E159C}.Debug|Any CPU.Build.0 = Debug|Any CPU
		{AF1D3A2D-4CFC-42B6-BDA8-11A0AF7E159C}.Release|Any CPU.ActiveCfg = Release|Any CPU
		{AF1D3A2D-4CFC-42B6-BDA8-11A0AF7E159C}.Release|Any CPU.Build.0 = Release|Any CPU
		{BFB68B3E-B6A9-4E0D-9F51-DB87BD32B36A}.Debug|Any CPU.ActiveCfg = Debug|Any CPU
		{BFB68B3E-B6A9-4E0D-9F51-DB87BD32B36A}.Debug|Any CPU.Build.0 = Debug|Any CPU
		{BFB68B3E-B6A9-4E0D-9F51-DB87BD32B36A}.Release|Any CPU.ActiveCfg = Release|Any CPU
		{BFB68B3E-B6A9-4E0D-9F51-DB87BD32B36A}.Release|Any CPU.Build.0 = Release|Any CPU
		{2FA40AF2-BEE9-4915-879D-BF145CCE6009}.Debug|Any CPU.ActiveCfg = Debug|Any CPU
		{2FA40AF2-BEE9-4915-879D-BF145CCE6009}.Debug|Any CPU.Build.0 = Debug|Any CPU
		{2FA40AF2-BEE9-4915-879D-BF145CCE6009}.Release|Any CPU.ActiveCfg = Release|Any CPU
		{2FA40AF2-BEE9-4915-879D-BF145CCE6009}.Release|Any CPU.Build.0 = Release|Any CPU
		{85E497B7-0737-48E4-98E8-A6915035526A}.Debug|Any CPU.ActiveCfg = Debug|Any CPU
		{85E497B7-0737-48E4-98E8-A6915035526A}.Debug|Any CPU.Build.0 = Debug|Any CPU
		{85E497B7-0737-48E4-98E8-A6915035526A}.Release|Any CPU.ActiveCfg = Release|Any CPU
		{85E497B7-0737-48E4-98E8-A6915035526A}.Release|Any CPU.Build.0 = Release|Any CPU
		{0B917BAC-AF9F-4000-942E-D118B97F843B}.Debug|Any CPU.ActiveCfg = Debug|Any CPU
		{0B917BAC-AF9F-4000-942E-D118B97F843B}.Debug|Any CPU.Build.0 = Debug|Any CPU
		{0B917BAC-AF9F-4000-942E-D118B97F843B}.Release|Any CPU.ActiveCfg = Release|Any CPU
		{0B917BAC-AF9F-4000-942E-D118B97F843B}.Release|Any CPU.Build.0 = Release|Any CPU
		{17949CA7-D61C-41C7-93FC-AEB597945FA8}.Debug|Any CPU.ActiveCfg = Debug|Any CPU
		{17949CA7-D61C-41C7-93FC-AEB597945FA8}.Debug|Any CPU.Build.0 = Debug|Any CPU
		{17949CA7-D61C-41C7-93FC-AEB597945FA8}.Release|Any CPU.ActiveCfg = Release|Any CPU
		{17949CA7-D61C-41C7-93FC-AEB597945FA8}.Release|Any CPU.Build.0 = Release|Any CPU
		{7B2F6D1A-6898-466D-BA8A-986030E7D6D5}.Debug|Any CPU.ActiveCfg = Debug|Any CPU
		{7B2F6D1A-6898-466D-BA8A-986030E7D6D5}.Debug|Any CPU.Build.0 = Debug|Any CPU
		{7B2F6D1A-6898-466D-BA8A-986030E7D6D5}.Release|Any CPU.ActiveCfg = Release|Any CPU
		{7B2F6D1A-6898-466D-BA8A-986030E7D6D5}.Release|Any CPU.Build.0 = Release|Any CPU
	EndGlobalSection
	GlobalSection(SolutionProperties) = preSolution
		HideSolutionNode = FALSE
	EndGlobalSection
	GlobalSection(NestedProjects) = preSolution
		{E89D97B1-CED4-4F10-B98C-91A975C988B7} = {ED14173D-1898-45F3-9864-8939F367956C}
		{2C3B756D-1F6E-4907-A48F-2211CF602010} = {ED14173D-1898-45F3-9864-8939F367956C}
		{08C847A4-C890-46FD-BDD8-C2D4803091A8} = {ED14173D-1898-45F3-9864-8939F367956C}
		{BFB68B3E-B6A9-4E0D-9F51-DB87BD32B36A} = {ED14173D-1898-45F3-9864-8939F367956C}
		{2FA40AF2-BEE9-4915-879D-BF145CCE6009} = {ED14173D-1898-45F3-9864-8939F367956C}
		{85E497B7-0737-48E4-98E8-A6915035526A} = {ED14173D-1898-45F3-9864-8939F367956C}
		{0B917BAC-AF9F-4000-942E-D118B97F843B} = {7A3C9DDA-9D2F-4435-91EF-F4D0FB47B855}
		{17949CA7-D61C-41C7-93FC-AEB597945FA8} = {7A3C9DDA-9D2F-4435-91EF-F4D0FB47B855}
		{7B2F6D1A-6898-466D-BA8A-986030E7D6D5} = {7A3C9DDA-9D2F-4435-91EF-F4D0FB47B855}
	EndGlobalSection
	GlobalSection(ExtensibilityGlobals) = postSolution
		SolutionGuid = {D1F53FB3-12FD-473C-81B6-56BBD713DE27}
	EndGlobalSection
EndGlobal
